// !$*UTF8*$!
{
	archiveVersion = 1;
	classes = {
	};
	objectVersion = 50;
	objects = {

/* Begin PBXBuildFile section */
		18142BF82546151400B7C2EB /* AppDelegate.swift in Sources */ = {isa = PBXBuildFile; fileRef = 18142BF72546151400B7C2EB /* AppDelegate.swift */; };
		18142BFA2546151400B7C2EB /* SceneDelegate.swift in Sources */ = {isa = PBXBuildFile; fileRef = 18142BF92546151400B7C2EB /* SceneDelegate.swift */; };
		18142BFC2546151400B7C2EB /* ContentView.swift in Sources */ = {isa = PBXBuildFile; fileRef = 18142BFB2546151400B7C2EB /* ContentView.swift */; };
		18142BFF2546151400B7C2EB /* TodoList.xcdatamodeld in Sources */ = {isa = PBXBuildFile; fileRef = 18142BFD2546151400B7C2EB /* TodoList.xcdatamodeld */; };
		18142C012546151600B7C2EB /* Assets.xcassets in Resources */ = {isa = PBXBuildFile; fileRef = 18142C002546151600B7C2EB /* Assets.xcassets */; };
		18142C042546151600B7C2EB /* Preview Assets.xcassets in Resources */ = {isa = PBXBuildFile; fileRef = 18142C032546151600B7C2EB /* Preview Assets.xcassets */; };
		18142C072546151600B7C2EB /* LaunchScreen.storyboard in Resources */ = {isa = PBXBuildFile; fileRef = 18142C052546151600B7C2EB /* LaunchScreen.storyboard */; };
		18142C182546167B00B7C2EB /* TodoList+CoreDataClass.swift in Sources */ = {isa = PBXBuildFile; fileRef = 18142C162546167B00B7C2EB /* TodoList+CoreDataClass.swift */; };
		18142C192546167B00B7C2EB /* TodoList+CoreDataProperties.swift in Sources */ = {isa = PBXBuildFile; fileRef = 18142C172546167B00B7C2EB /* TodoList+CoreDataProperties.swift */; };
/* End PBXBuildFile section */

/* Begin PBXFileReference section */
		18142BF42546151400B7C2EB /* TodoList.app */ = {isa = PBXFileReference; explicitFileType = wrapper.application; includeInIndex = 0; path = TodoList.app; sourceTree = BUILT_PRODUCTS_DIR; };
		18142BF72546151400B7C2EB /* AppDelegate.swift */ = {isa = PBXFileReference; lastKnownFileType = sourcecode.swift; path = AppDelegate.swift; sourceTree = "<group>"; };
		18142BF92546151400B7C2EB /* SceneDelegate.swift */ = {isa = PBXFileReference; lastKnownFileType = sourcecode.swift; path = SceneDelegate.swift; sourceTree = "<group>"; };
		18142BFB2546151400B7C2EB /* ContentView.swift */ = {isa = PBXFileReference; lastKnownFileType = sourcecode.swift; path = ContentView.swift; sourceTree = "<group>"; };
		18142BFE2546151400B7C2EB /* TodoList.xcdatamodel */ = {isa = PBXFileReference; lastKnownFileType = wrapper.xcdatamodel; path = TodoList.xcdatamodel; sourceTree = "<group>"; };
		18142C002546151600B7C2EB /* Assets.xcassets */ = {isa = PBXFileReference; lastKnownFileType = folder.assetcatalog; path = Assets.xcassets; sourceTree = "<group>"; };
		18142C032546151600B7C2EB /* Preview Assets.xcassets */ = {isa = PBXFileReference; lastKnownFileType = folder.assetcatalog; path = "Preview Assets.xcassets"; sourceTree = "<group>"; };
		18142C062546151600B7C2EB /* Base */ = {isa = PBXFileReference; lastKnownFileType = file.storyboard; name = Base; path = Base.lproj/LaunchScreen.storyboard; sourceTree = "<group>"; };
		18142C082546151600B7C2EB /* Info.plist */ = {isa = PBXFileReference; lastKnownFileType = text.plist.xml; path = Info.plist; sourceTree = "<group>"; };
		18142C162546167B00B7C2EB /* TodoList+CoreDataClass.swift */ = {isa = PBXFileReference; lastKnownFileType = sourcecode.swift; path = "TodoList+CoreDataClass.swift"; sourceTree = "<group>"; };
		18142C172546167B00B7C2EB /* TodoList+CoreDataProperties.swift */ = {isa = PBXFileReference; lastKnownFileType = sourcecode.swift; path = "TodoList+CoreDataProperties.swift"; sourceTree = "<group>"; };
/* End PBXFileReference section */

/* Begin PBXFrameworksBuildPhase section */
		18142BF12546151400B7C2EB /* Frameworks */ = {
			isa = PBXFrameworksBuildPhase;
			buildActionMask = 2147483647;
			files = (
			);
			runOnlyForDeploymentPostprocessing = 0;
		};
/* End PBXFrameworksBuildPhase section */

/* Begin PBXGroup section */
		18142BEB2546151400B7C2EB = {
			isa = PBXGroup;
			children = (
				18142BF62546151400B7C2EB /* TodoList */,
				18142BF52546151400B7C2EB /* Products */,
			);
			sourceTree = "<group>";
		};
		18142BF52546151400B7C2EB /* Products */ = {
			isa = PBXGroup;
			children = (
				18142BF42546151400B7C2EB /* TodoList.app */,
			);
			name = Products;
			sourceTree = "<group>";
		};
		18142BF62546151400B7C2EB /* TodoList */ = {
			isa = PBXGroup;
			children = (
				18142C1C2546168000B7C2EB /* Model */,
				18142C1F254616AD00B7C2EB /* Shared */,
				18142C1E2546168B00B7C2EB /* View */,
				18142C082546151600B7C2EB /* Info.plist */,
				18142C022546151600B7C2EB /* Preview Content */,
			);
			path = TodoList;
			sourceTree = "<group>";
		};
		18142C022546151600B7C2EB /* Preview Content */ = {
			isa = PBXGroup;
			children = (
				18142C032546151600B7C2EB /* Preview Assets.xcassets */,
			);
			path = "Preview Content";
			sourceTree = "<group>";
		};
		18142C1C2546168000B7C2EB /* Model */ = {
			isa = PBXGroup;
			children = (
				18142C162546167B00B7C2EB /* TodoList+CoreDataClass.swift */,
				18142C172546167B00B7C2EB /* TodoList+CoreDataProperties.swift */,
				18142BFD2546151400B7C2EB /* TodoList.xcdatamodeld */,
			);
			path = Model;
			sourceTree = "<group>";
		};
		18142C1E2546168B00B7C2EB /* View */ = {
			isa = PBXGroup;
			children = (
				18142BFB2546151400B7C2EB /* ContentView.swift */,
				18142C002546151600B7C2EB /* Assets.xcassets */,
				18142C052546151600B7C2EB /* LaunchScreen.storyboard */,
			);
			path = View;
			sourceTree = "<group>";
		};
		18142C1F254616AD00B7C2EB /* Shared */ = {
			isa = PBXGroup;
			children = (
				18142BF92546151400B7C2EB /* SceneDelegate.swift */,
				18142BF72546151400B7C2EB /* AppDelegate.swift */,
			);
			path = Shared;
			sourceTree = "<group>";
		};
/* End PBXGroup section */

/* Begin PBXNativeTarget section */
		18142BF32546151400B7C2EB /* TodoList */ = {
			isa = PBXNativeTarget;
			buildConfigurationList = 18142C0B2546151600B7C2EB /* Build configuration list for PBXNativeTarget "TodoList" */;
			buildPhases = (
				18142BF02546151400B7C2EB /* Sources */,
				18142BF12546151400B7C2EB /* Frameworks */,
				18142BF22546151400B7C2EB /* Resources */,
			);
			buildRules = (
			);
			dependencies = (
			);
			name = TodoList;
			productName = TodoList;
			productReference = 18142BF42546151400B7C2EB /* TodoList.app */;
			productType = "com.apple.product-type.application";
		};
/* End PBXNativeTarget section */

/* Begin PBXProject section */
		18142BEC2546151400B7C2EB /* Project object */ = {
			isa = PBXProject;
			attributes = {
				LastSwiftUpdateCheck = 1210;
				LastUpgradeCheck = 1210;
				TargetAttributes = {
					18142BF32546151400B7C2EB = {
						CreatedOnToolsVersion = 12.1;
					};
				};
			};
			buildConfigurationList = 18142BEF2546151400B7C2EB /* Build configuration list for PBXProject "TodoList" */;
			compatibilityVersion = "Xcode 9.3";
			developmentRegion = en;
			hasScannedForEncodings = 0;
			knownRegions = (
				en,
				Base,
			);
			mainGroup = 18142BEB2546151400B7C2EB;
			productRefGroup = 18142BF52546151400B7C2EB /* Products */;
			projectDirPath = "";
			projectRoot = "";
			targets = (
				18142BF32546151400B7C2EB /* TodoList */,
			);
		};
/* End PBXProject section */

/* Begin PBXResourcesBuildPhase section */
		18142BF22546151400B7C2EB /* Resources */ = {
			isa = PBXResourcesBuildPhase;
			buildActionMask = 2147483647;
			files = (
				18142C072546151600B7C2EB /* LaunchScreen.storyboard in Resources */,
				18142C042546151600B7C2EB /* Preview Assets.xcassets in Resources */,
				18142C012546151600B7C2EB /* Assets.xcassets in Resources */,
			);
			runOnlyForDeploymentPostprocessing = 0;
		};
/* End PBXResourcesBuildPhase section */

/* Begin PBXSourcesBuildPhase section */
		18142BF02546151400B7C2EB /* Sources */ = {
			isa = PBXSourcesBuildPhase;
			buildActionMask = 2147483647;
			files = (
				18142BF82546151400B7C2EB /* AppDelegate.swift in Sources */,
				18142BFA2546151400B7C2EB /* SceneDelegate.swift in Sources */,
				18142C182546167B00B7C2EB /* TodoList+CoreDataClass.swift in Sources */,
				18142BFC2546151400B7C2EB /* ContentView.swift in Sources */,
				18142BFF2546151400B7C2EB /* TodoList.xcdatamodeld in Sources */,
				18142C192546167B00B7C2EB /* TodoList+CoreDataProperties.swift in Sources */,
			);
			runOnlyForDeploymentPostprocessing = 0;
		};
/* End PBXSourcesBuildPhase section */

/* Begin PBXVariantGroup section */
		18142C052546151600B7C2EB /* LaunchScreen.storyboard */ = {
			isa = PBXVariantGroup;
			children = (
				18142C062546151600B7C2EB /* Base */,
			);
			name = LaunchScreen.storyboard;
			sourceTree = "<group>";
		};
/* End PBXVariantGroup section */

/* Begin XCBuildConfiguration section */
		18142C092546151600B7C2EB /* Debug */ = {
			isa = XCBuildConfiguration;
			buildSettings = {
				ALWAYS_SEARCH_USER_PATHS = NO;
				CLANG_ANALYZER_NONNULL = YES;
				CLANG_ANALYZER_NUMBER_OBJECT_CONVERSION = YES_AGGRESSIVE;
				CLANG_CXX_LANGUAGE_STANDARD = "gnu++14";
				CLANG_CXX_LIBRARY = "libc++";
				CLANG_ENABLE_MODULES = YES;
				CLANG_ENABLE_OBJC_ARC = YES;
				CLANG_ENABLE_OBJC_WEAK = YES;
				CLANG_WARN_BLOCK_CAPTURE_AUTORELEASING = YES;
				CLANG_WARN_BOOL_CONVERSION = YES;
				CLANG_WARN_COMMA = YES;
				CLANG_WARN_CONSTANT_CONVERSION = YES;
				CLANG_WARN_DEPRECATED_OBJC_IMPLEMENTATIONS = YES;
				CLANG_WARN_DIRECT_OBJC_ISA_USAGE = YES_ERROR;
				CLANG_WARN_DOCUMENTATION_COMMENTS = YES;
				CLANG_WARN_EMPTY_BODY = YES;
				CLANG_WARN_ENUM_CONVERSION = YES;
				CLANG_WARN_INFINITE_RECURSION = YES;
				CLANG_WARN_INT_CONVERSION = YES;
				CLANG_WARN_NON_LITERAL_NULL_CONVERSION = YES;
				CLANG_WARN_OBJC_IMPLICIT_RETAIN_SELF = YES;
				CLANG_WARN_OBJC_LITERAL_CONVERSION = YES;
				CLANG_WARN_OBJC_ROOT_CLASS = YES_ERROR;
				CLANG_WARN_QUOTED_INCLUDE_IN_FRAMEWORK_HEADER = YES;
				CLANG_WARN_RANGE_LOOP_ANALYSIS = YES;
				CLANG_WARN_STRICT_PROTOTYPES = YES;
				CLANG_WARN_SUSPICIOUS_MOVE = YES;
				CLANG_WARN_UNGUARDED_AVAILABILITY = YES_AGGRESSIVE;
				CLANG_WARN_UNREACHABLE_CODE = YES;
				CLANG_WARN__DUPLICATE_METHOD_MATCH = YES;
				COPY_PHASE_STRIP = NO;
				DEBUG_INFORMATION_FORMAT = dwarf;
				ENABLE_STRICT_OBJC_MSGSEND = YES;
				ENABLE_TESTABILITY = YES;
				GCC_C_LANGUAGE_STANDARD = gnu11;
				GCC_DYNAMIC_NO_PIC = NO;
				GCC_NO_COMMON_BLOCKS = YES;
				GCC_OPTIMIZATION_LEVEL = 0;
				GCC_PREPROCESSOR_DEFINITIONS = (
					"DEBUG=1",
					"$(inherited)",
				);
				GCC_WARN_64_TO_32_BIT_CONVERSION = YES;
				GCC_WARN_ABOUT_RETURN_TYPE = YES_ERROR;
				GCC_WARN_UNDECLARED_SELECTOR = YES;
				GCC_WARN_UNINITIALIZED_AUTOS = YES_AGGRESSIVE;
				GCC_WARN_UNUSED_FUNCTION = YES;
				GCC_WARN_UNUSED_VARIABLE = YES;
				IPHONEOS_DEPLOYMENT_TARGET = 14.1;
				MTL_ENABLE_DEBUG_INFO = INCLUDE_SOURCE;
				MTL_FAST_MATH = YES;
				ONLY_ACTIVE_ARCH = YES;
				SDKROOT = iphoneos;
				SWIFT_ACTIVE_COMPILATION_CONDITIONS = DEBUG;
				SWIFT_OPTIMIZATION_LEVEL = "-Onone";
			};
			name = Debug;
		};
		18142C0A2546151600B7C2EB /* Release */ = {
			isa = XCBuildConfiguration;
			buildSettings = {
				ALWAYS_SEARCH_USER_PATHS = NO;
				CLANG_ANALYZER_NONNULL = YES;
				CLANG_ANALYZER_NUMBER_OBJECT_CONVERSION = YES_AGGRESSIVE;
				CLANG_CXX_LANGUAGE_STANDARD = "gnu++14";
				CLANG_CXX_LIBRARY = "libc++";
				CLANG_ENABLE_MODULES = YES;
				CLANG_ENABLE_OBJC_ARC = YES;
				CLANG_ENABLE_OBJC_WEAK = YES;
				CLANG_WARN_BLOCK_CAPTURE_AUTORELEASING = YES;
				CLANG_WARN_BOOL_CONVERSION = YES;
				CLANG_WARN_COMMA = YES;
				CLANG_WARN_CONSTANT_CONVERSION = YES;
				CLANG_WARN_DEPRECATED_OBJC_IMPLEMENTATIONS = YES;
				CLANG_WARN_DIRECT_OBJC_ISA_USAGE = YES_ERROR;
				CLANG_WARN_DOCUMENTATION_COMMENTS = YES;
				CLANG_WARN_EMPTY_BODY = YES;
				CLANG_WARN_ENUM_CONVERSION = YES;
				CLANG_WARN_INFINITE_RECURSION = YES;
				CLANG_WARN_INT_CONVERSION = YES;
				CLANG_WARN_NON_LITERAL_NULL_CONVERSION = YES;
				CLANG_WARN_OBJC_IMPLICIT_RETAIN_SELF = YES;
				CLANG_WARN_OBJC_LITERAL_CONVERSION = YES;
				CLANG_WARN_OBJC_ROOT_CLASS = YES_ERROR;
				CLANG_WARN_QUOTED_INCLUDE_IN_FRAMEWORK_HEADER = YES;
				CLANG_WARN_RANGE_LOOP_ANALYSIS = YES;
				CLANG_WARN_STRICT_PROTOTYPES = YES;
				CLANG_WARN_SUSPICIOUS_MOVE = YES;
				CLANG_WARN_UNGUARDED_AVAILABILITY = YES_AGGRESSIVE;
				CLANG_WARN_UNREACHABLE_CODE = YES;
				CLANG_WARN__DUPLICATE_METHOD_MATCH = YES;
				COPY_PHASE_STRIP = NO;
				DEBUG_INFORMATION_FORMAT = "dwarf-with-dsym";
				ENABLE_NS_ASSERTIONS = NO;
				ENABLE_STRICT_OBJC_MSGSEND = YES;
				GCC_C_LANGUAGE_STANDARD = gnu11;
				GCC_NO_COMMON_BLOCKS = YES;
				GCC_WARN_64_TO_32_BIT_CONVERSION = YES;
				GCC_WARN_ABOUT_RETURN_TYPE = YES_ERROR;
				GCC_WARN_UNDECLARED_SELECTOR = YES;
				GCC_WARN_UNINITIALIZED_AUTOS = YES_AGGRESSIVE;
				GCC_WARN_UNUSED_FUNCTION = YES;
				GCC_WARN_UNUSED_VARIABLE = YES;
				IPHONEOS_DEPLOYMENT_TARGET = 14.1;
				MTL_ENABLE_DEBUG_INFO = NO;
				MTL_FAST_MATH = YES;
				SDKROOT = iphoneos;
				SWIFT_COMPILATION_MODE = wholemodule;
				SWIFT_OPTIMIZATION_LEVEL = "-O";
				VALIDATE_PRODUCT = YES;
			};
			name = Release;
		};
		18142C0C2546151600B7C2EB /* Debug */ = {
			isa = XCBuildConfiguration;
			buildSettings = {
				ASSETCATALOG_COMPILER_APPICON_NAME = AppIcon;
				ASSETCATALOG_COMPILER_GLOBAL_ACCENT_COLOR_NAME = AccentColor;
				CODE_SIGN_STYLE = Automatic;
				DEVELOPMENT_ASSET_PATHS = "\"TodoList/Preview Content\"";
				DEVELOPMENT_TEAM = 4X8K6Z86C3;
				ENABLE_PREVIEWS = YES;
				INFOPLIST_FILE = TodoList/Info.plist;
				LD_RUNPATH_SEARCH_PATHS = (
					"$(inherited)",
					"@executable_path/Frameworks",
				);
				PRODUCT_BUNDLE_IDENTIFIER = com.AlleyPereira.TodoList;
				PRODUCT_NAME = "$(TARGET_NAME)";
				SWIFT_VERSION = 5.0;
				TARGETED_DEVICE_FAMILY = "1,2";
			};
			name = Debug;
		};
		18142C0D2546151600B7C2EB /* Release */ = {
			isa = XCBuildConfiguration;
			buildSettings = {
				ASSETCATALOG_COMPILER_APPICON_NAME = AppIcon;
				ASSETCATALOG_COMPILER_GLOBAL_ACCENT_COLOR_NAME = AccentColor;
				CODE_SIGN_STYLE = Automatic;
				DEVELOPMENT_ASSET_PATHS = "\"TodoList/Preview Content\"";
				DEVELOPMENT_TEAM = 4X8K6Z86C3;
				ENABLE_PREVIEWS = YES;
				INFOPLIST_FILE = TodoList/Info.plist;
				LD_RUNPATH_SEARCH_PATHS = (
					"$(inherited)",
					"@executable_path/Frameworks",
				);
				PRODUCT_BUNDLE_IDENTIFIER = com.AlleyPereira.TodoList;
				PRODUCT_NAME = "$(TARGET_NAME)";
				SWIFT_VERSION = 5.0;
				TARGETED_DEVICE_FAMILY = "1,2";
			};
			name = Release;
		};
/* End XCBuildConfiguration section */

/* Begin XCConfigurationList section */
		18142BEF2546151400B7C2EB /* Build configuration list for PBXProject "TodoList" */ = {
			isa = XCConfigurationList;
			buildConfigurations = (
				18142C092546151600B7C2EB /* Debug */,
				18142C0A2546151600B7C2EB /* Release */,
			);
			defaultConfigurationIsVisible = 0;
			defaultConfigurationName = Release;
		};
		18142C0B2546151600B7C2EB /* Build configuration list for PBXNativeTarget "TodoList" */ = {
			isa = XCConfigurationList;
			buildConfigurations = (
				18142C0C2546151600B7C2EB /* Debug */,
				18142C0D2546151600B7C2EB /* Release */,
			);
			defaultConfigurationIsVisible = 0;
			defaultConfigurationName = Release;
		};
/* End XCConfigurationList section */

/* Begin XCVersionGroup section */
		18142BFD2546151400B7C2EB /* TodoList.xcdatamodeld */ = {
			isa = XCVersionGroup;
			children = (
				18142BFE2546151400B7C2EB /* TodoList.xcdatamodel */,
			);
			currentVersion = 18142BFE2546151400B7C2EB /* TodoList.xcdatamodel */;
			path = TodoList.xcdatamodeld;
			sourceTree = "<group>";
			versionGroupType = wrapper.xcdatamodel;
		};
/* End XCVersionGroup section */
	};
	rootObject = 18142BEC2546151400B7C2EB /* Project object */;
}
